
Microsoft Visual Studio Solution File, Format Version 12.00
# Visual Studio Version 17
VisualStudioVersion = 17.0.31903.59
MinimumVisualStudioVersion = 10.0.40219.1
Project("{FAE04EC0-301F-11D3-BF4B-00C04F79EFBC}") = "KombitStsUtility", "KombitStsUtility\KombitStsUtility.csproj", "{1706E929-0BEF-44B3-AB6B-EC2FB02A848A}"
EndProject
Project("{FAE04EC0-301F-11D3-BF4B-00C04F79EFBC}") = "KombitStsUtilityTests", "KombitStsUtilityTests\KombitStsUtilityTests.csproj", "{125C5B7A-7A48-476D-9CA8-B342174390B9}"
EndProject
Global
	GlobalSection(SolutionConfigurationPlatforms) = preSolution
		Debug|Any CPU = Debug|Any CPU
		Release|Any CPU = Release|Any CPU
	EndGlobalSection
	GlobalSection(SolutionProperties) = preSolution
		HideSolutionNode = FALSE
	EndGlobalSection
	GlobalSection(ProjectConfigurationPlatforms) = postSolution
		{1706E929-0BEF-44B3-AB6B-EC2FB02A848A}.Debug|Any CPU.ActiveCfg = Debug|Any CPU
		{1706E929-0BEF-44B3-AB6B-EC2FB02A848A}.Debug|Any CPU.Build.0 = Debug|Any CPU
		{1706E929-0BEF-44B3-AB6B-EC2FB02A848A}.Release|Any CPU.ActiveCfg = Release|Any CPU
		{1706E929-0BEF-44B3-AB6B-EC2FB02A848A}.Release|Any CPU.Build.0 = Release|Any CPU
		{125C5B7A-7A48-476D-9CA8-B342174390B9}.Debug|Any CPU.ActiveCfg = Debug|Any CPU
		{125C5B7A-7A48-476D-9CA8-B342174390B9}.Debug|Any CPU.Build.0 = Debug|Any CPU
		{125C5B7A-7A48-476D-9CA8-B342174390B9}.Release|Any CPU.ActiveCfg = Release|Any CPU
		{125C5B7A-7A48-476D-9CA8-B342174390B9}.Release|Any CPU.Build.0 = Release|Any CPU
	EndGlobalSection
	GlobalSection(NestedProjects) = preSolution
	EndGlobalSection
EndGlobal
